// !$*UTF8*$!
{
	archiveVersion = 1;
	classes = {
	};
	objectVersion = 46;
	objects = {

/* Begin PBXBuildFile section */
		09177DF91D13D959007E605F /* XDSCameraViewController.m in Sources */ = {isa = PBXBuildFile; fileRef = 09177DF81D13D959007E605F /* XDSCameraViewController.m */; };
		09177DFC1D13DD7C007E605F /* Main.storyboard in Resources */ = {isa = PBXBuildFile; fileRef = 09177DFA1D13DD7C007E605F /* Main.storyboard */; };
		09177E501D13EBF5007E605F /* tessdata in Resources */ = {isa = PBXBuildFile; fileRef = 09177E4F1D13EBF5007E605F /* tessdata */; };
		092399CD1CFE7A15002706B2 /* XDSHotfixViewController.m in Sources */ = {isa = PBXBuildFile; fileRef = 092399CC1CFE7A15002706B2 /* XDSHotfixViewController.m */; };
		092399D41CFED52C002706B2 /* XDSWebViewBridgeController.m in Sources */ = {isa = PBXBuildFile; fileRef = 092399D31CFED52C002706B2 /* XDSWebViewBridgeController.m */; };
		094D75271C05A14800B510F3 /* libSmtaranSDK.a in Frameworks */ = {isa = PBXBuildFile; fileRef = 094D751F1C05A14800B510F3 /* libSmtaranSDK.a */; };
		094D75281C05A14800B510F3 /* SmtaranSplashAd.m in Sources */ = {isa = PBXBuildFile; fileRef = 094D75261C05A14800B510F3 /* SmtaranSplashAd.m */; };
		094D752A1C05A2A500B510F3 /* CoreLocation.framework in Frameworks */ = {isa = PBXBuildFile; fileRef = 094D75291C05A2A500B510F3 /* CoreLocation.framework */; };
		094D752C1C05A2AA00B510F3 /* CoreTelephony.framework in Frameworks */ = {isa = PBXBuildFile; fileRef = 094D752B1C05A2AA00B510F3 /* CoreTelephony.framework */; };
		094D752E1C05A2B100B510F3 /* AdSupport.framework in Frameworks */ = {isa = PBXBuildFile; fileRef = 094D752D1C05A2B100B510F3 /* AdSupport.framework */; };
		094D75301C05A2BC00B510F3 /* StoreKit.framework in Frameworks */ = {isa = PBXBuildFile; fileRef = 094D752F1C05A2BC00B510F3 /* StoreKit.framework */; };
		094D75321C05A2C400B510F3 /* SystemConfiguration.framework in Frameworks */ = {isa = PBXBuildFile; fileRef = 094D75311C05A2C400B510F3 /* SystemConfiguration.framework */; };
		094D75341C05A2C900B510F3 /* JavaScriptCore.framework in Frameworks */ = {isa = PBXBuildFile; fileRef = 094D75331C05A2C900B510F3 /* JavaScriptCore.framework */; };
		094D75371C05A39F00B510F3 /* SmtaranADViewController.m in Sources */ = {isa = PBXBuildFile; fileRef = 094D75361C05A39F00B510F3 /* SmtaranADViewController.m */; };
		095865F41BFC103B00FBAF7F /* libsqlite3.tbd in Frameworks */ = {isa = PBXBuildFile; fileRef = 095865F31BFC103B00FBAF7F /* libsqlite3.tbd */; };
		095865FC1BFC128100FBAF7F /* XDSPhotoBrowserViewController.m in Sources */ = {isa = PBXBuildFile; fileRef = 095865FB1BFC128100FBAF7F /* XDSPhotoBrowserViewController.m */; };
		096C9AEC1C27CE8400F06B5B /* XDSWIFIFileTransferViewController.m in Sources */ = {isa = PBXBuildFile; fileRef = 096C9AEB1C27CE8400F06B5B /* XDSWIFIFileTransferViewController.m */; };
		096C9B531C27E3C000F06B5B /* XDSIPHelper.m in Sources */ = {isa = PBXBuildFile; fileRef = 096C9B521C27E3C000F06B5B /* XDSIPHelper.m */; };
		096C9B981C27E4B900F06B5B /* About.txt in Resources */ = {isa = PBXBuildFile; fileRef = 096C9B561C27E4B900F06B5B /* About.txt */; };
		096C9B991C27E4B900F06B5B /* GCDAsyncSocket.m in Sources */ = {isa = PBXBuildFile; fileRef = 096C9B581C27E4B900F06B5B /* GCDAsyncSocket.m */; };
		096C9B9A1C27E4B900F06B5B /* About.txt in Resources */ = {isa = PBXBuildFile; fileRef = 096C9B5A1C27E4B900F06B5B /* About.txt */; };
		096C9B9B1C27E4B900F06B5B /* DDAbstractDatabaseLogger.m in Sources */ = {isa = PBXBuildFile; fileRef = 096C9B5C1C27E4B900F06B5B /* DDAbstractDatabaseLogger.m */; };
		096C9B9C1C27E4B900F06B5B /* DDASLLogger.m in Sources */ = {isa = PBXBuildFile; fileRef = 096C9B5E1C27E4B900F06B5B /* DDASLLogger.m */; };
		096C9B9D1C27E4B900F06B5B /* DDFileLogger.m in Sources */ = {isa = PBXBuildFile; fileRef = 096C9B601C27E4B900F06B5B /* DDFileLogger.m */; };
		096C9B9E1C27E4B900F06B5B /* DDLog.m in Sources */ = {isa = PBXBuildFile; fileRef = 096C9B621C27E4B900F06B5B /* DDLog.m */; };
		096C9B9F1C27E4B900F06B5B /* DDTTYLogger.m in Sources */ = {isa = PBXBuildFile; fileRef = 096C9B641C27E4B900F06B5B /* DDTTYLogger.m */; };
		096C9BA01C27E4B900F06B5B /* ContextFilterLogFormatter.m in Sources */ = {isa = PBXBuildFile; fileRef = 096C9B671C27E4B900F06B5B /* ContextFilterLogFormatter.m */; };
		096C9BA11C27E4B900F06B5B /* DispatchQueueLogFormatter.m in Sources */ = {isa = PBXBuildFile; fileRef = 096C9B691C27E4B900F06B5B /* DispatchQueueLogFormatter.m */; };
		096C9BA21C27E4B900F06B5B /* README.txt in Resources */ = {isa = PBXBuildFile; fileRef = 096C9B6A1C27E4B900F06B5B /* README.txt */; };
		096C9BA31C27E4B900F06B5B /* DDData.m in Sources */ = {isa = PBXBuildFile; fileRef = 096C9B6E1C27E4B900F06B5B /* DDData.m */; };
		096C9BA41C27E4B900F06B5B /* DDNumber.m in Sources */ = {isa = PBXBuildFile; fileRef = 096C9B701C27E4B900F06B5B /* DDNumber.m */; };
		096C9BA51C27E4B900F06B5B /* DDRange.m in Sources */ = {isa = PBXBuildFile; fileRef = 096C9B721C27E4B900F06B5B /* DDRange.m */; };
		096C9BA61C27E4B900F06B5B /* HTTPAuthenticationRequest.m in Sources */ = {isa = PBXBuildFile; fileRef = 096C9B741C27E4B900F06B5B /* HTTPAuthenticationRequest.m */; };
		096C9BA71C27E4B900F06B5B /* HTTPConnection.m in Sources */ = {isa = PBXBuildFile; fileRef = 096C9B761C27E4B900F06B5B /* HTTPConnection.m */; };
		096C9BA81C27E4B900F06B5B /* HTTPMessage.m in Sources */ = {isa = PBXBuildFile; fileRef = 096C9B791C27E4B900F06B5B /* HTTPMessage.m */; };
		096C9BA91C27E4B900F06B5B /* HTTPServer.m in Sources */ = {isa = PBXBuildFile; fileRef = 096C9B7C1C27E4B900F06B5B /* HTTPServer.m */; };
		096C9BAA1C27E4B900F06B5B /* MultipartFormDataParser.m in Sources */ = {isa = PBXBuildFile; fileRef = 096C9B7F1C27E4B900F06B5B /* MultipartFormDataParser.m */; };
		096C9BAB1C27E4B900F06B5B /* MultipartMessageHeader.m in Sources */ = {isa = PBXBuildFile; fileRef = 096C9B811C27E4B900F06B5B /* MultipartMessageHeader.m */; };
		096C9BAC1C27E4B900F06B5B /* MultipartMessageHeaderField.m in Sources */ = {isa = PBXBuildFile; fileRef = 096C9B831C27E4B900F06B5B /* MultipartMessageHeaderField.m */; };
		096C9BAD1C27E4B900F06B5B /* HTTPAsyncFileResponse.m in Sources */ = {isa = PBXBuildFile; fileRef = 096C9B861C27E4B900F06B5B /* HTTPAsyncFileResponse.m */; };
		096C9BAE1C27E4B900F06B5B /* HTTPDataResponse.m in Sources */ = {isa = PBXBuildFile; fileRef = 096C9B881C27E4B900F06B5B /* HTTPDataResponse.m */; };
		096C9BAF1C27E4B900F06B5B /* HTTPDynamicFileResponse.m in Sources */ = {isa = PBXBuildFile; fileRef = 096C9B8A1C27E4B900F06B5B /* HTTPDynamicFileResponse.m */; };
		096C9BB01C27E4B900F06B5B /* HTTPErrorResponse.m in Sources */ = {isa = PBXBuildFile; fileRef = 096C9B8C1C27E4B900F06B5B /* HTTPErrorResponse.m */; };
		096C9BB11C27E4B900F06B5B /* HTTPFileResponse.m in Sources */ = {isa = PBXBuildFile; fileRef = 096C9B8E1C27E4B900F06B5B /* HTTPFileResponse.m */; };
		096C9BB21C27E4B900F06B5B /* HTTPRedirectResponse.m in Sources */ = {isa = PBXBuildFile; fileRef = 096C9B901C27E4B900F06B5B /* HTTPRedirectResponse.m */; };
		096C9BB31C27E4B900F06B5B /* WebSocket.m in Sources */ = {isa = PBXBuildFile; fileRef = 096C9B921C27E4B900F06B5B /* WebSocket.m */; };
		096C9BB41C27E4B900F06B5B /* MyHTTPConnection.m in Sources */ = {isa = PBXBuildFile; fileRef = 096C9B941C27E4B900F06B5B /* MyHTTPConnection.m */; };
		096C9BB51C27E4B900F06B5B /* index.html in Resources */ = {isa = PBXBuildFile; fileRef = 096C9B961C27E4B900F06B5B /* index.html */; };
		096C9BB61C27E4B900F06B5B /* upload.html in Resources */ = {isa = PBXBuildFile; fileRef = 096C9B971C27E4B900F06B5B /* upload.html */; };
		097DACD01C5F519A00AF3F2E /* UIView_xdsRoundView.m in Sources */ = {isa = PBXBuildFile; fileRef = 097DACCB1C5F519A00AF3F2E /* UIView_xdsRoundView.m */; };
		097DACD11C5F519A00AF3F2E /* UIButton_xdsRoundButton.m in Sources */ = {isa = PBXBuildFile; fileRef = 097DACCD1C5F519A00AF3F2E /* UIButton_xdsRoundButton.m */; };
		097DACD21C5F519A00AF3F2E /* UIImageView_xdsImageView.m in Sources */ = {isa = PBXBuildFile; fileRef = 097DACCF1C5F519A00AF3F2E /* UIImageView_xdsImageView.m */; };
		09AC52021C0D80B3003FA23C /* CALayer+Addition.m in Sources */ = {isa = PBXBuildFile; fileRef = 09AC52011C0D80B3003FA23C /* CALayer+Addition.m */; };
		09AFAC141C28EF0000FD6D5A /* wifi.png in Resources */ = {isa = PBXBuildFile; fileRef = 09AFAC131C28EF0000FD6D5A /* wifi.png */; };
		09BDDB411CFD932000C210FB /* JSPatch.framework in Frameworks */ = {isa = PBXBuildFile; fileRef = 09BDDB401CFD932000C210FB /* JSPatch.framework */; };
		09BDDB431CFD934700C210FB /* libz.tbd in Frameworks */ = {isa = PBXBuildFile; fileRef = 09BDDB421CFD934700C210FB /* libz.tbd */; };
		09CB43D71B7190D60069FF29 /* main.m in Sources */ = {isa = PBXBuildFile; fileRef = 09CB43D61B7190D60069FF29 /* main.m */; };
		09CB43DA1B7190D60069FF29 /* AppDelegate.m in Sources */ = {isa = PBXBuildFile; fileRef = 09CB43D91B7190D60069FF29 /* AppDelegate.m */; };
		09CB43DD1B7190D60069FF29 /* ViewController.m in Sources */ = {isa = PBXBuildFile; fileRef = 09CB43DC1B7190D60069FF29 /* ViewController.m */; };
		09CB43E21B7190D60069FF29 /* Images.xcassets in Resources */ = {isa = PBXBuildFile; fileRef = 09CB43E11B7190D60069FF29 /* Images.xcassets */; };
		09CB43E51B7190D60069FF29 /* LaunchScreen.xib in Resources */ = {isa = PBXBuildFile; fileRef = 09CB43E31B7190D60069FF29 /* LaunchScreen.xib */; };
		09CB43F11B7190D60069FF29 /* XDSPracticeTests.m in Sources */ = {isa = PBXBuildFile; fileRef = 09CB43F01B7190D60069FF29 /* XDSPracticeTests.m */; };
		09CB44001B7194010069FF29 /* CardScannerViewController.m in Sources */ = {isa = PBXBuildFile; fileRef = 09CB43FF1B7194010069FF29 /* CardScannerViewController.m */; };
		09FA27CE1BFD9E350073C77A /* UIViewControllerTransitioningRootViewController.m in Sources */ = {isa = PBXBuildFile; fileRef = 09FA27CD1BFD9E350073C77A /* UIViewControllerTransitioningRootViewController.m */; };
		09FA27D11BFD9E700073C77A /* XDSModelViewController.m in Sources */ = {isa = PBXBuildFile; fileRef = 09FA27D01BFD9E700073C77A /* XDSModelViewController.m */; };
		09FA27D41BFDA0510073C77A /* ModalTransitionAnimation.m in Sources */ = {isa = PBXBuildFile; fileRef = 09FA27D31BFDA0510073C77A /* ModalTransitionAnimation.m */; };
		09FA27D81BFDB3270073C77A /* NavigationTransitionAnimation.m in Sources */ = {isa = PBXBuildFile; fileRef = 09FA27D71BFDB3270073C77A /* NavigationTransitionAnimation.m */; };
		09FA27DB1BFDB4990073C77A /* XDSTransitioningNavigationController.m in Sources */ = {isa = PBXBuildFile; fileRef = 09FA27DA1BFDB4990073C77A /* XDSTransitioningNavigationController.m */; };
		09FA27DF1BFDC9690073C77A /* TabbarTransitionAnimation.m in Sources */ = {isa = PBXBuildFile; fileRef = 09FA27DE1BFDC9690073C77A /* TabbarTransitionAnimation.m */; };
		09FA27E21BFDCB540073C77A /* XDSTransitioningTabBarController.m in Sources */ = {isa = PBXBuildFile; fileRef = 09FA27E11BFDCB540073C77A /* XDSTransitioningTabBarController.m */; };
		4B030896329745C5EBD53D02 /* libPods.a in Frameworks */ = {isa = PBXBuildFile; fileRef = 86CFE72790746F7A9ADB5FC0 /* libPods.a */; };
/* End PBXBuildFile section */

/* Begin PBXContainerItemProxy section */
		09CB43EB1B7190D60069FF29 /* PBXContainerItemProxy */ = {
			isa = PBXContainerItemProxy;
			containerPortal = 09CB43C91B7190D60069FF29 /* Project object */;
			proxyType = 1;
			remoteGlobalIDString = 09CB43D01B7190D60069FF29;
			remoteInfo = XDSPractice;
		};
/* End PBXContainerItemProxy section */

/* Begin PBXFileReference section */
		09177DF71D13D959007E605F /* XDSCameraViewController.h */ = {isa = PBXFileReference; fileEncoding = 4; lastKnownFileType = sourcecode.c.h; path = XDSCameraViewController.h; sourceTree = "<group>"; };
		09177DF81D13D959007E605F /* XDSCameraViewController.m */ = {isa = PBXFileReference; fileEncoding = 4; lastKnownFileType = sourcecode.c.objc; path = XDSCameraViewController.m; sourceTree = "<group>"; };
		09177DFB1D13DD7C007E605F /* Base */ = {isa = PBXFileReference; lastKnownFileType = file.storyboard; name = Base; path = Base.lproj/Main.storyboard; sourceTree = "<group>"; };
		09177E4F1D13EBF5007E605F /* tessdata */ = {isa = PBXFileReference; lastKnownFileType = folder; path = tessdata; sourceTree = "<group>"; };
		092399CB1CFE7A15002706B2 /* XDSHotfixViewController.h */ = {isa = PBXFileReference; fileEncoding = 4; lastKnownFileType = sourcecode.c.h; path = XDSHotfixViewController.h; sourceTree = "<group>"; };
		092399CC1CFE7A15002706B2 /* XDSHotfixViewController.m */ = {isa = PBXFileReference; fileEncoding = 4; lastKnownFileType = sourcecode.c.objc; path = XDSHotfixViewController.m; sourceTree = "<group>"; };
		092399D21CFED52C002706B2 /* XDSWebViewBridgeController.h */ = {isa = PBXFileReference; fileEncoding = 4; lastKnownFileType = sourcecode.c.h; path = XDSWebViewBridgeController.h; sourceTree = "<group>"; };
		092399D31CFED52C002706B2 /* XDSWebViewBridgeController.m */ = {isa = PBXFileReference; fileEncoding = 4; lastKnownFileType = sourcecode.c.objc; path = XDSWebViewBridgeController.m; sourceTree = "<group>"; };
		092399D51CFED961002706B2 /* AVFoundation.framework */ = {isa = PBXFileReference; lastKnownFileType = wrapper.framework; name = AVFoundation.framework; path = System/Library/Frameworks/AVFoundation.framework; sourceTree = SDKROOT; };
		094D751E1C05A14800B510F3 /* FWBaseDownload.h */ = {isa = PBXFileReference; fileEncoding = 4; lastKnownFileType = sourcecode.c.h; path = FWBaseDownload.h; sourceTree = "<group>"; };
		094D751F1C05A14800B510F3 /* libSmtaranSDK.a */ = {isa = PBXFileReference; lastKnownFileType = archive.ar; path = libSmtaranSDK.a; sourceTree = "<group>"; };
		094D75201C05A14800B510F3 /* SmtaranBannerAd.h */ = {isa = PBXFileReference; fileEncoding = 4; lastKnownFileType = sourcecode.c.h; path = SmtaranBannerAd.h; sourceTree = "<group>"; };
		094D75211C05A14800B510F3 /* SmtaranFactoryAd.h */ = {isa = PBXFileReference; fileEncoding = 4; lastKnownFileType = sourcecode.c.h; path = SmtaranFactoryAd.h; sourceTree = "<group>"; };
		094D75221C05A14800B510F3 /* SmtaranInterstitialAd.h */ = {isa = PBXFileReference; fileEncoding = 4; lastKnownFileType = sourcecode.c.h; path = SmtaranInterstitialAd.h; sourceTree = "<group>"; };
		094D75231C05A14800B510F3 /* SmtaranNativeAd.h */ = {isa = PBXFileReference; fileEncoding = 4; lastKnownFileType = sourcecode.c.h; path = SmtaranNativeAd.h; sourceTree = "<group>"; };
		094D75241C05A14800B510F3 /* SmtaranSDKManager.h */ = {isa = PBXFileReference; fileEncoding = 4; lastKnownFileType = sourcecode.c.h; path = SmtaranSDKManager.h; sourceTree = "<group>"; };
		094D75251C05A14800B510F3 /* SmtaranSplashAd.h */ = {isa = PBXFileReference; fileEncoding = 4; lastKnownFileType = sourcecode.c.h; path = SmtaranSplashAd.h; sourceTree = "<group>"; };
		094D75261C05A14800B510F3 /* SmtaranSplashAd.m */ = {isa = PBXFileReference; fileEncoding = 4; lastKnownFileType = sourcecode.c.objc; path = SmtaranSplashAd.m; sourceTree = "<group>"; };
		094D75291C05A2A500B510F3 /* CoreLocation.framework */ = {isa = PBXFileReference; lastKnownFileType = wrapper.framework; name = CoreLocation.framework; path = System/Library/Frameworks/CoreLocation.framework; sourceTree = SDKROOT; };
		094D752B1C05A2AA00B510F3 /* CoreTelephony.framework */ = {isa = PBXFileReference; lastKnownFileType = wrapper.framework; name = CoreTelephony.framework; path = System/Library/Frameworks/CoreTelephony.framework; sourceTree = SDKROOT; };
		094D752D1C05A2B100B510F3 /* AdSupport.framework */ = {isa = PBXFileReference; lastKnownFileType = wrapper.framework; name = AdSupport.framework; path = System/Library/Frameworks/AdSupport.framework; sourceTree = SDKROOT; };
		094D752F1C05A2BC00B510F3 /* StoreKit.framework */ = {isa = PBXFileReference; lastKnownFileType = wrapper.framework; name = StoreKit.framework; path = System/Library/Frameworks/StoreKit.framework; sourceTree = SDKROOT; };
		094D75311C05A2C400B510F3 /* SystemConfiguration.framework */ = {isa = PBXFileReference; lastKnownFileType = wrapper.framework; name = SystemConfiguration.framework; path = System/Library/Frameworks/SystemConfiguration.framework; sourceTree = SDKROOT; };
		094D75331C05A2C900B510F3 /* JavaScriptCore.framework */ = {isa = PBXFileReference; lastKnownFileType = wrapper.framework; name = JavaScriptCore.framework; path = System/Library/Frameworks/JavaScriptCore.framework; sourceTree = SDKROOT; };
		094D75351C05A39F00B510F3 /* SmtaranADViewController.h */ = {isa = PBXFileReference; fileEncoding = 4; lastKnownFileType = sourcecode.c.h; path = SmtaranADViewController.h; sourceTree = "<group>"; };
		094D75361C05A39F00B510F3 /* SmtaranADViewController.m */ = {isa = PBXFileReference; fileEncoding = 4; lastKnownFileType = sourcecode.c.objc; path = SmtaranADViewController.m; sourceTree = "<group>"; };
		095865F31BFC103B00FBAF7F /* libsqlite3.tbd */ = {isa = PBXFileReference; lastKnownFileType = "sourcecode.text-based-dylib-definition"; name = libsqlite3.tbd; path = usr/lib/libsqlite3.tbd; sourceTree = SDKROOT; };
		095865FA1BFC128100FBAF7F /* XDSPhotoBrowserViewController.h */ = {isa = PBXFileReference; fileEncoding = 4; lastKnownFileType = sourcecode.c.h; path = XDSPhotoBrowserViewController.h; sourceTree = "<group>"; };
		095865FB1BFC128100FBAF7F /* XDSPhotoBrowserViewController.m */ = {isa = PBXFileReference; fileEncoding = 4; lastKnownFileType = sourcecode.c.objc; path = XDSPhotoBrowserViewController.m; sourceTree = "<group>"; };
		096C9AEA1C27CE8400F06B5B /* XDSWIFIFileTransferViewController.h */ = {isa = PBXFileReference; fileEncoding = 4; lastKnownFileType = sourcecode.c.h; path = XDSWIFIFileTransferViewController.h; sourceTree = "<group>"; };
		096C9AEB1C27CE8400F06B5B /* XDSWIFIFileTransferViewController.m */ = {isa = PBXFileReference; fileEncoding = 4; lastKnownFileType = sourcecode.c.objc; path = XDSWIFIFileTransferViewController.m; sourceTree = "<group>"; };
		096C9B511C27E3C000F06B5B /* XDSIPHelper.h */ = {isa = PBXFileReference; fileEncoding = 4; lastKnownFileType = sourcecode.c.h; path = XDSIPHelper.h; sourceTree = "<group>"; };
		096C9B521C27E3C000F06B5B /* XDSIPHelper.m */ = {isa = PBXFileReference; fileEncoding = 4; lastKnownFileType = sourcecode.c.objc; path = XDSIPHelper.m; sourceTree = "<group>"; };
		096C9B561C27E4B900F06B5B /* About.txt */ = {isa = PBXFileReference; fileEncoding = 4; lastKnownFileType = text; path = About.txt; sourceTree = "<group>"; };
		096C9B571C27E4B900F06B5B /* GCDAsyncSocket.h */ = {isa = PBXFileReference; fileEncoding = 4; lastKnownFileType = sourcecode.c.h; path = GCDAsyncSocket.h; sourceTree = "<group>"; };
		096C9B581C27E4B900F06B5B /* GCDAsyncSocket.m */ = {isa = PBXFileReference; fileEncoding = 4; lastKnownFileType = sourcecode.c.objc; path = GCDAsyncSocket.m; sourceTree = "<group>"; };
		096C9B5A1C27E4B900F06B5B /* About.txt */ = {isa = PBXFileReference; fileEncoding = 4; lastKnownFileType = text; path = About.txt; sourceTree = "<group>"; };
		096C9B5B1C27E4B900F06B5B /* DDAbstractDatabaseLogger.h */ = {isa = PBXFileReference; fileEncoding = 4; lastKnownFileType = sourcecode.c.h; path = DDAbstractDatabaseLogger.h; sourceTree = "<group>"; };
		096C9B5C1C27E4B900F06B5B /* DDAbstractDatabaseLogger.m */ = {isa = PBXFileReference; fileEncoding = 4; lastKnownFileType = sourcecode.c.objc; path = DDAbstractDatabaseLogger.m; sourceTree = "<group>"; };
		096C9B5D1C27E4B900F06B5B /* DDASLLogger.h */ = {isa = PBXFileReference; fileEncoding = 4; lastKnownFileType = sourcecode.c.h; path = DDASLLogger.h; sourceTree = "<group>"; };
		096C9B5E1C27E4B900F06B5B /* DDASLLogger.m */ = {isa = PBXFileReference; fileEncoding = 4; lastKnownFileType = sourcecode.c.objc; path = DDASLLogger.m; sourceTree = "<group>"; };
		096C9B5F1C27E4B900F06B5B /* DDFileLogger.h */ = {isa = PBXFileReference; fileEncoding = 4; lastKnownFileType = sourcecode.c.h; path = DDFileLogger.h; sourceTree = "<group>"; };
		096C9B601C27E4B900F06B5B /* DDFileLogger.m */ = {isa = PBXFileReference; fileEncoding = 4; lastKnownFileType = sourcecode.c.objc; path = DDFileLogger.m; sourceTree = "<group>"; };
		096C9B611C27E4B900F06B5B /* DDLog.h */ = {isa = PBXFileReference; fileEncoding = 4; lastKnownFileType = sourcecode.c.h; path = DDLog.h; sourceTree = "<group>"; };
		096C9B621C27E4B900F06B5B /* DDLog.m */ = {isa = PBXFileReference; fileEncoding = 4; lastKnownFileType = sourcecode.c.objc; path = DDLog.m; sourceTree = "<group>"; };
		096C9B631C27E4B900F06B5B /* DDTTYLogger.h */ = {isa = PBXFileReference; fileEncoding = 4; lastKnownFileType = sourcecode.c.h; path = DDTTYLogger.h; sourceTree = "<group>"; };
		096C9B641C27E4B900F06B5B /* DDTTYLogger.m */ = {isa = PBXFileReference; fileEncoding = 4; lastKnownFileType = sourcecode.c.objc; path = DDTTYLogger.m; sourceTree = "<group>"; };
		096C9B661C27E4B900F06B5B /* ContextFilterLogFormatter.h */ = {isa = PBXFileReference; fileEncoding = 4; lastKnownFileType = sourcecode.c.h; path = ContextFilterLogFormatter.h; sourceTree = "<group>"; };
		096C9B671C27E4B900F06B5B /* ContextFilterLogFormatter.m */ = {isa = PBXFileReference; fileEncoding = 4; lastKnownFileType = sourcecode.c.objc; path = ContextFilterLogFormatter.m; sourceTree = "<group>"; };
		096C9B681C27E4B900F06B5B /* DispatchQueueLogFormatter.h */ = {isa = PBXFileReference; fileEncoding = 4; lastKnownFileType = sourcecode.c.h; path = DispatchQueueLogFormatter.h; sourceTree = "<group>"; };
		096C9B691C27E4B900F06B5B /* DispatchQueueLogFormatter.m */ = {isa = PBXFileReference; fileEncoding = 4; lastKnownFileType = sourcecode.c.objc; path = DispatchQueueLogFormatter.m; sourceTree = "<group>"; };
		096C9B6A1C27E4B900F06B5B /* README.txt */ = {isa = PBXFileReference; fileEncoding = 4; lastKnownFileType = text; path = README.txt; sourceTree = "<group>"; };
		096C9B6D1C27E4B900F06B5B /* DDData.h */ = {isa = PBXFileReference; fileEncoding = 4; lastKnownFileType = sourcecode.c.h; path = DDData.h; sourceTree = "<group>"; };
		096C9B6E1C27E4B900F06B5B /* DDData.m */ = {isa = PBXFileReference; fileEncoding = 4; lastKnownFileType = sourcecode.c.objc; path = DDData.m; sourceTree = "<group>"; };
		096C9B6F1C27E4B900F06B5B /* DDNumber.h */ = {isa = PBXFileReference; fileEncoding = 4; lastKnownFileType = sourcecode.c.h; path = DDNumber.h; sourceTree = "<group>"; };
		096C9B701C27E4B900F06B5B /* DDNumber.m */ = {isa = PBXFileReference; fileEncoding = 4; lastKnownFileType = sourcecode.c.objc; path = DDNumber.m; sourceTree = "<group>"; };
		096C9B711C27E4B900F06B5B /* DDRange.h */ = {isa = PBXFileReference; fileEncoding = 4; lastKnownFileType = sourcecode.c.h; path = DDRange.h; sourceTree = "<group>"; };
		096C9B721C27E4B900F06B5B /* DDRange.m */ = {isa = PBXFileReference; fileEncoding = 4; lastKnownFileType = sourcecode.c.objc; path = DDRange.m; sourceTree = "<group>"; };
		096C9B731C27E4B900F06B5B /* HTTPAuthenticationRequest.h */ = {isa = PBXFileReference; fileEncoding = 4; lastKnownFileType = sourcecode.c.h; path = HTTPAuthenticationRequest.h; sourceTree = "<group>"; };
		096C9B741C27E4B900F06B5B /* HTTPAuthenticationRequest.m */ = {isa = PBXFileReference; fileEncoding = 4; lastKnownFileType = sourcecode.c.objc; path = HTTPAuthenticationRequest.m; sourceTree = "<group>"; };
		096C9B751C27E4B900F06B5B /* HTTPConnection.h */ = {isa = PBXFileReference; fileEncoding = 4; lastKnownFileType = sourcecode.c.h; path = HTTPConnection.h; sourceTree = "<group>"; };
		096C9B761C27E4B900F06B5B /* HTTPConnection.m */ = {isa = PBXFileReference; fileEncoding = 4; lastKnownFileType = sourcecode.c.objc; path = HTTPConnection.m; sourceTree = "<group>"; };
		096C9B771C27E4B900F06B5B /* HTTPLogging.h */ = {isa = PBXFileReference; fileEncoding = 4; lastKnownFileType = sourcecode.c.h; path = HTTPLogging.h; sourceTree = "<group>"; };
		096C9B781C27E4B900F06B5B /* HTTPMessage.h */ = {isa = PBXFileReference; fileEncoding = 4; lastKnownFileType = sourcecode.c.h; path = HTTPMessage.h; sourceTree = "<group>"; };
		096C9B791C27E4B900F06B5B /* HTTPMessage.m */ = {isa = PBXFileReference; fileEncoding = 4; lastKnownFileType = sourcecode.c.objc; path = HTTPMessage.m; sourceTree = "<group>"; };
		096C9B7A1C27E4B900F06B5B /* HTTPResponse.h */ = {isa = PBXFileReference; fileEncoding = 4; lastKnownFileType = sourcecode.c.h; path = HTTPResponse.h; sourceTree = "<group>"; };
		096C9B7B1C27E4B900F06B5B /* HTTPServer.h */ = {isa = PBXFileReference; fileEncoding = 4; lastKnownFileType = sourcecode.c.h; path = HTTPServer.h; sourceTree = "<group>"; };
		096C9B7C1C27E4B900F06B5B /* HTTPServer.m */ = {isa = PBXFileReference; fileEncoding = 4; lastKnownFileType = sourcecode.c.objc; path = HTTPServer.m; sourceTree = "<group>"; };
		096C9B7E1C27E4B900F06B5B /* MultipartFormDataParser.h */ = {isa = PBXFileReference; fileEncoding = 4; lastKnownFileType = sourcecode.c.h; path = MultipartFormDataParser.h; sourceTree = "<group>"; };
		096C9B7F1C27E4B900F06B5B /* MultipartFormDataParser.m */ = {isa = PBXFileReference; fileEncoding = 4; lastKnownFileType = sourcecode.c.objc; path = MultipartFormDataParser.m; sourceTree = "<group>"; };
		096C9B801C27E4B900F06B5B /* MultipartMessageHeader.h */ = {isa = PBXFileReference; fileEncoding = 4; lastKnownFileType = sourcecode.c.h; path = MultipartMessageHeader.h; sourceTree = "<group>"; };
		096C9B811C27E4B900F06B5B /* MultipartMessageHeader.m */ = {isa = PBXFileReference; fileEncoding = 4; lastKnownFileType = sourcecode.c.objc; path = MultipartMessageHeader.m; sourceTree = "<group>"; };
		096C9B821C27E4B900F06B5B /* MultipartMessageHeaderField.h */ = {isa = PBXFileReference; fileEncoding = 4; lastKnownFileType = sourcecode.c.h; path = MultipartMessageHeaderField.h; sourceTree = "<group>"; };
		096C9B831C27E4B900F06B5B /* MultipartMessageHeaderField.m */ = {isa = PBXFileReference; fileEncoding = 4; lastKnownFileType = sourcecode.c.objc; path = MultipartMessageHeaderField.m; sourceTree = "<group>"; };
		096C9B851C27E4B900F06B5B /* HTTPAsyncFileResponse.h */ = {isa = PBXFileReference; fileEncoding = 4; lastKnownFileType = sourcecode.c.h; path = HTTPAsyncFileResponse.h; sourceTree = "<group>"; };
		096C9B861C27E4B900F06B5B /* HTTPAsyncFileResponse.m */ = {isa = PBXFileReference; fileEncoding = 4; lastKnownFileType = sourcecode.c.objc; path = HTTPAsyncFileResponse.m; sourceTree = "<group>"; };
		096C9B871C27E4B900F06B5B /* HTTPDataResponse.h */ = {isa = PBXFileReference; fileEncoding = 4; lastKnownFileType = sourcecode.c.h; path = HTTPDataResponse.h; sourceTree = "<group>"; };
		096C9B881C27E4B900F06B5B /* HTTPDataResponse.m */ = {isa = PBXFileReference; fileEncoding = 4; lastKnownFileType = sourcecode.c.objc; path = HTTPDataResponse.m; sourceTree = "<group>"; };
		096C9B891C27E4B900F06B5B /* HTTPDynamicFileResponse.h */ = {isa = PBXFileReference; fileEncoding = 4; lastKnownFileType = sourcecode.c.h; path = HTTPDynamicFileResponse.h; sourceTree = "<group>"; };
		096C9B8A1C27E4B900F06B5B /* HTTPDynamicFileResponse.m */ = {isa = PBXFileReference; fileEncoding = 4; lastKnownFileType = sourcecode.c.objc; path = HTTPDynamicFileResponse.m; sourceTree = "<group>"; };
		096C9B8B1C27E4B900F06B5B /* HTTPErrorResponse.h */ = {isa = PBXFileReference; fileEncoding = 4; lastKnownFileType = sourcecode.c.h; path = HTTPErrorResponse.h; sourceTree = "<group>"; };
		096C9B8C1C27E4B900F06B5B /* HTTPErrorResponse.m */ = {isa = PBXFileReference; fileEncoding = 4; lastKnownFileType = sourcecode.c.objc; path = HTTPErrorResponse.m; sourceTree = "<group>"; };
		096C9B8D1C27E4B900F06B5B /* HTTPFileResponse.h */ = {isa = PBXFileReference; fileEncoding = 4; lastKnownFileType = sourcecode.c.h; path = HTTPFileResponse.h; sourceTree = "<group>"; };
		096C9B8E1C27E4B900F06B5B /* HTTPFileResponse.m */ = {isa = PBXFileReference; fileEncoding = 4; lastKnownFileType = sourcecode.c.objc; path = HTTPFileResponse.m; sourceTree = "<group>"; };
		096C9B8F1C27E4B900F06B5B /* HTTPRedirectResponse.h */ = {isa = PBXFileReference; fileEncoding = 4; lastKnownFileType = sourcecode.c.h; path = HTTPRedirectResponse.h; sourceTree = "<group>"; };
		096C9B901C27E4B900F06B5B /* HTTPRedirectResponse.m */ = {isa = PBXFileReference; fileEncoding = 4; lastKnownFileType = sourcecode.c.objc; path = HTTPRedirectResponse.m; sourceTree = "<group>"; };
		096C9B911C27E4B900F06B5B /* WebSocket.h */ = {isa = PBXFileReference; fileEncoding = 4; lastKnownFileType = sourcecode.c.h; path = WebSocket.h; sourceTree = "<group>"; };
		096C9B921C27E4B900F06B5B /* WebSocket.m */ = {isa = PBXFileReference; fileEncoding = 4; lastKnownFileType = sourcecode.c.objc; path = WebSocket.m; sourceTree = "<group>"; };
		096C9B931C27E4B900F06B5B /* MyHTTPConnection.h */ = {isa = PBXFileReference; fileEncoding = 4; lastKnownFileType = sourcecode.c.h; path = MyHTTPConnection.h; sourceTree = "<group>"; };
		096C9B941C27E4B900F06B5B /* MyHTTPConnection.m */ = {isa = PBXFileReference; fileEncoding = 4; lastKnownFileType = sourcecode.c.objc; path = MyHTTPConnection.m; sourceTree = "<group>"; };
		096C9B961C27E4B900F06B5B /* index.html */ = {isa = PBXFileReference; fileEncoding = 4; lastKnownFileType = text.html; path = index.html; sourceTree = "<group>"; };
		096C9B971C27E4B900F06B5B /* upload.html */ = {isa = PBXFileReference; fileEncoding = 4; lastKnownFileType = text.html; path = upload.html; sourceTree = "<group>"; };
		097DACCA1C5F519A00AF3F2E /* UIView_xdsRoundView.h */ = {isa = PBXFileReference; fileEncoding = 4; lastKnownFileType = sourcecode.c.h; path = UIView_xdsRoundView.h; sourceTree = "<group>"; };
		097DACCB1C5F519A00AF3F2E /* UIView_xdsRoundView.m */ = {isa = PBXFileReference; fileEncoding = 4; lastKnownFileType = sourcecode.c.objc; path = UIView_xdsRoundView.m; sourceTree = "<group>"; };
		097DACCC1C5F519A00AF3F2E /* UIButton_xdsRoundButton.h */ = {isa = PBXFileReference; fileEncoding = 4; lastKnownFileType = sourcecode.c.h; path = UIButton_xdsRoundButton.h; sourceTree = "<group>"; };
		097DACCD1C5F519A00AF3F2E /* UIButton_xdsRoundButton.m */ = {isa = PBXFileReference; fileEncoding = 4; lastKnownFileType = sourcecode.c.objc; path = UIButton_xdsRoundButton.m; sourceTree = "<group>"; };
		097DACCE1C5F519A00AF3F2E /* UIImageView_xdsImageView.h */ = {isa = PBXFileReference; fileEncoding = 4; lastKnownFileType = sourcecode.c.h; path = UIImageView_xdsImageView.h; sourceTree = "<group>"; };
		097DACCF1C5F519A00AF3F2E /* UIImageView_xdsImageView.m */ = {isa = PBXFileReference; fileEncoding = 4; lastKnownFileType = sourcecode.c.objc; path = UIImageView_xdsImageView.m; sourceTree = "<group>"; };
		09AC52001C0D80B3003FA23C /* CALayer+Addition.h */ = {isa = PBXFileReference; fileEncoding = 4; lastKnownFileType = sourcecode.c.h; path = "CALayer+Addition.h"; sourceTree = "<group>"; };
		09AC52011C0D80B3003FA23C /* CALayer+Addition.m */ = {isa = PBXFileReference; fileEncoding = 4; lastKnownFileType = sourcecode.c.objc; path = "CALayer+Addition.m"; sourceTree = "<group>"; };
		09AFAC131C28EF0000FD6D5A /* wifi.png */ = {isa = PBXFileReference; lastKnownFileType = image.png; path = wifi.png; sourceTree = "<group>"; };
		09BDDB401CFD932000C210FB /* JSPatch.framework */ = {isa = PBXFileReference; lastKnownFileType = wrapper.framework; path = JSPatch.framework; sourceTree = "<group>"; };
		09BDDB421CFD934700C210FB /* libz.tbd */ = {isa = PBXFileReference; lastKnownFileType = "sourcecode.text-based-dylib-definition"; name = libz.tbd; path = usr/lib/libz.tbd; sourceTree = SDKROOT; };
		09CB43D11B7190D60069FF29 /* XDSPractice.app */ = {isa = PBXFileReference; explicitFileType = wrapper.application; includeInIndex = 0; path = XDSPractice.app; sourceTree = BUILT_PRODUCTS_DIR; };
		09CB43D51B7190D60069FF29 /* Info.plist */ = {isa = PBXFileReference; lastKnownFileType = text.plist.xml; path = Info.plist; sourceTree = "<group>"; };
		09CB43D61B7190D60069FF29 /* main.m */ = {isa = PBXFileReference; lastKnownFileType = sourcecode.c.objc; path = main.m; sourceTree = "<group>"; };
		09CB43D81B7190D60069FF29 /* AppDelegate.h */ = {isa = PBXFileReference; lastKnownFileType = sourcecode.c.h; path = AppDelegate.h; sourceTree = "<group>"; };
		09CB43D91B7190D60069FF29 /* AppDelegate.m */ = {isa = PBXFileReference; lastKnownFileType = sourcecode.c.objc; path = AppDelegate.m; sourceTree = "<group>"; };
		09CB43DB1B7190D60069FF29 /* ViewController.h */ = {isa = PBXFileReference; lastKnownFileType = sourcecode.c.h; path = ViewController.h; sourceTree = "<group>"; };
		09CB43DC1B7190D60069FF29 /* ViewController.m */ = {isa = PBXFileReference; lastKnownFileType = sourcecode.c.objc; path = ViewController.m; sourceTree = "<group>"; };
		09CB43E11B7190D60069FF29 /* Images.xcassets */ = {isa = PBXFileReference; lastKnownFileType = folder.assetcatalog; path = Images.xcassets; sourceTree = "<group>"; };
		09CB43E41B7190D60069FF29 /* Base */ = {isa = PBXFileReference; lastKnownFileType = file.xib; name = Base; path = Base.lproj/LaunchScreen.xib; sourceTree = "<group>"; };
		09CB43EA1B7190D60069FF29 /* XDSPracticeTests.xctest */ = {isa = PBXFileReference; explicitFileType = wrapper.cfbundle; includeInIndex = 0; path = XDSPracticeTests.xctest; sourceTree = BUILT_PRODUCTS_DIR; };
		09CB43EF1B7190D60069FF29 /* Info.plist */ = {isa = PBXFileReference; lastKnownFileType = text.plist.xml; path = Info.plist; sourceTree = "<group>"; };
		09CB43F01B7190D60069FF29 /* XDSPracticeTests.m */ = {isa = PBXFileReference; lastKnownFileType = sourcecode.c.objc; path = XDSPracticeTests.m; sourceTree = "<group>"; };
		09CB43FE1B7194010069FF29 /* CardScannerViewController.h */ = {isa = PBXFileReference; fileEncoding = 4; lastKnownFileType = sourcecode.c.h; path = CardScannerViewController.h; sourceTree = "<group>"; };
		09CB43FF1B7194010069FF29 /* CardScannerViewController.m */ = {isa = PBXFileReference; fileEncoding = 4; lastKnownFileType = sourcecode.c.objc; path = CardScannerViewController.m; sourceTree = "<group>"; };
		09FA27CC1BFD9E350073C77A /* UIViewControllerTransitioningRootViewController.h */ = {isa = PBXFileReference; fileEncoding = 4; lastKnownFileType = sourcecode.c.h; path = UIViewControllerTransitioningRootViewController.h; sourceTree = "<group>"; };
		09FA27CD1BFD9E350073C77A /* UIViewControllerTransitioningRootViewController.m */ = {isa = PBXFileReference; fileEncoding = 4; lastKnownFileType = sourcecode.c.objc; path = UIViewControllerTransitioningRootViewController.m; sourceTree = "<group>"; };
		09FA27CF1BFD9E700073C77A /* XDSModelViewController.h */ = {isa = PBXFileReference; fileEncoding = 4; lastKnownFileType = sourcecode.c.h; path = XDSModelViewController.h; sourceTree = "<group>"; };
		09FA27D01BFD9E700073C77A /* XDSModelViewController.m */ = {isa = PBXFileReference; fileEncoding = 4; lastKnownFileType = sourcecode.c.objc; path = XDSModelViewController.m; sourceTree = "<group>"; };
		09FA27D21BFDA0510073C77A /* ModalTransitionAnimation.h */ = {isa = PBXFileReference; fileEncoding = 4; lastKnownFileType = sourcecode.c.h; path = ModalTransitionAnimation.h; sourceTree = "<group>"; };
		09FA27D31BFDA0510073C77A /* ModalTransitionAnimation.m */ = {isa = PBXFileReference; fileEncoding = 4; lastKnownFileType = sourcecode.c.objc; path = ModalTransitionAnimation.m; sourceTree = "<group>"; };
		09FA27D61BFDB3270073C77A /* NavigationTransitionAnimation.h */ = {isa = PBXFileReference; fileEncoding = 4; lastKnownFileType = sourcecode.c.h; path = NavigationTransitionAnimation.h; sourceTree = "<group>"; };
		09FA27D71BFDB3270073C77A /* NavigationTransitionAnimation.m */ = {isa = PBXFileReference; fileEncoding = 4; lastKnownFileType = sourcecode.c.objc; path = NavigationTransitionAnimation.m; sourceTree = "<group>"; };
		09FA27D91BFDB4990073C77A /* XDSTransitioningNavigationController.h */ = {isa = PBXFileReference; fileEncoding = 4; lastKnownFileType = sourcecode.c.h; path = XDSTransitioningNavigationController.h; sourceTree = "<group>"; };
		09FA27DA1BFDB4990073C77A /* XDSTransitioningNavigationController.m */ = {isa = PBXFileReference; fileEncoding = 4; lastKnownFileType = sourcecode.c.objc; path = XDSTransitioningNavigationController.m; sourceTree = "<group>"; };
		09FA27DD1BFDC9690073C77A /* TabbarTransitionAnimation.h */ = {isa = PBXFileReference; fileEncoding = 4; lastKnownFileType = sourcecode.c.h; path = TabbarTransitionAnimation.h; sourceTree = "<group>"; };
		09FA27DE1BFDC9690073C77A /* TabbarTransitionAnimation.m */ = {isa = PBXFileReference; fileEncoding = 4; lastKnownFileType = sourcecode.c.objc; path = TabbarTransitionAnimation.m; sourceTree = "<group>"; };
		09FA27E01BFDCB540073C77A /* XDSTransitioningTabBarController.h */ = {isa = PBXFileReference; fileEncoding = 4; lastKnownFileType = sourcecode.c.h; path = XDSTransitioningTabBarController.h; sourceTree = "<group>"; };
		09FA27E11BFDCB540073C77A /* XDSTransitioningTabBarController.m */ = {isa = PBXFileReference; fileEncoding = 4; lastKnownFileType = sourcecode.c.objc; path = XDSTransitioningTabBarController.m; sourceTree = "<group>"; };
		6BF2E5A86D0D6986ECD32811 /* Pods.debug.xcconfig */ = {isa = PBXFileReference; includeInIndex = 1; lastKnownFileType = text.xcconfig; name = Pods.debug.xcconfig; path = "Pods/Target Support Files/Pods/Pods.debug.xcconfig"; sourceTree = "<group>"; };
		86CFE72790746F7A9ADB5FC0 /* libPods.a */ = {isa = PBXFileReference; explicitFileType = archive.ar; includeInIndex = 0; path = libPods.a; sourceTree = BUILT_PRODUCTS_DIR; };
		A72F565C85F09CAB39B59B26 /* Pods.release.xcconfig */ = {isa = PBXFileReference; includeInIndex = 1; lastKnownFileType = text.xcconfig; name = Pods.release.xcconfig; path = "Pods/Target Support Files/Pods/Pods.release.xcconfig"; sourceTree = "<group>"; };
/* End PBXFileReference section */

/* Begin PBXFrameworksBuildPhase section */
		09CB43CE1B7190D60069FF29 /* Frameworks */ = {
			isa = PBXFrameworksBuildPhase;
			buildActionMask = 2147483647;
			files = (
				09BDDB431CFD934700C210FB /* libz.tbd in Frameworks */,
				09BDDB411CFD932000C210FB /* JSPatch.framework in Frameworks */,
				094D75341C05A2C900B510F3 /* JavaScriptCore.framework in Frameworks */,
				094D75321C05A2C400B510F3 /* SystemConfiguration.framework in Frameworks */,
				094D75301C05A2BC00B510F3 /* StoreKit.framework in Frameworks */,
				094D752E1C05A2B100B510F3 /* AdSupport.framework in Frameworks */,
				094D752C1C05A2AA00B510F3 /* CoreTelephony.framework in Frameworks */,
				094D752A1C05A2A500B510F3 /* CoreLocation.framework in Frameworks */,
				095865F41BFC103B00FBAF7F /* libsqlite3.tbd in Frameworks */,
				4B030896329745C5EBD53D02 /* libPods.a in Frameworks */,
				094D75271C05A14800B510F3 /* libSmtaranSDK.a in Frameworks */,
			);
			runOnlyForDeploymentPostprocessing = 0;
		};
		09CB43E71B7190D60069FF29 /* Frameworks */ = {
			isa = PBXFrameworksBuildPhase;
			buildActionMask = 2147483647;
			files = (
			);
			runOnlyForDeploymentPostprocessing = 0;
		};
/* End PBXFrameworksBuildPhase section */

/* Begin PBXGroup section */
		09177DF61D13CDC6007E605F /* 文字识别TesseractOCR */ = {
			isa = PBXGroup;
			children = (
				09177DF71D13D959007E605F /* XDSCameraViewController.h */,
				09177DF81D13D959007E605F /* XDSCameraViewController.m */,
			);
			path = "文字识别TesseractOCR";
			sourceTree = "<group>";
		};
		09177DFD1D13E17B007E605F /* Resource */ = {
			isa = PBXGroup;
			children = (
				09177E4F1D13EBF5007E605F /* tessdata */,
			);
			path = Resource;
			sourceTree = "<group>";
		};
		092399CA1CFE7810002706B2 /* 热修复 */ = {
			isa = PBXGroup;
			children = (
				092399CB1CFE7A15002706B2 /* XDSHotfixViewController.h */,
				092399CC1CFE7A15002706B2 /* XDSHotfixViewController.m */,
				092399D21CFED52C002706B2 /* XDSWebViewBridgeController.h */,
				092399D31CFED52C002706B2 /* XDSWebViewBridgeController.m */,
			);
			name = "热修复";
			path = "开启storyboard实时渲染功能/热修复";
			sourceTree = "<group>";
		};
		094D751C1C05A05200B510F3 /* SmtaranAD */ = {
			isa = PBXGroup;
			children = (
				094D751D1C05A14800B510F3 /* SmtaranSDK */,
				094D75351C05A39F00B510F3 /* SmtaranADViewController.h */,
				094D75361C05A39F00B510F3 /* SmtaranADViewController.m */,
			);
			path = SmtaranAD;
			sourceTree = "<group>";
		};
		094D751D1C05A14800B510F3 /* SmtaranSDK */ = {
			isa = PBXGroup;
			children = (
				094D751E1C05A14800B510F3 /* FWBaseDownload.h */,
				094D751F1C05A14800B510F3 /* libSmtaranSDK.a */,
				094D75201C05A14800B510F3 /* SmtaranBannerAd.h */,
				094D75211C05A14800B510F3 /* SmtaranFactoryAd.h */,
				094D75221C05A14800B510F3 /* SmtaranInterstitialAd.h */,
				094D75231C05A14800B510F3 /* SmtaranNativeAd.h */,
				094D75241C05A14800B510F3 /* SmtaranSDKManager.h */,
				094D75251C05A14800B510F3 /* SmtaranSplashAd.h */,
				094D75261C05A14800B510F3 /* SmtaranSplashAd.m */,
			);
			path = SmtaranSDK;
			sourceTree = "<group>";
		};
		095865F61BFC123900FBAF7F /* PhotoBrowser */ = {
			isa = PBXGroup;
			children = (
				095865FA1BFC128100FBAF7F /* XDSPhotoBrowserViewController.h */,
				095865FB1BFC128100FBAF7F /* XDSPhotoBrowserViewController.m */,
			);
			path = PhotoBrowser;
			sourceTree = "<group>";
		};
		096C9AE91C27CE5500F06B5B /* WiFiFileTransfer */ = {
			isa = PBXGroup;
			children = (
				096C9B541C27E4B900F06B5B /* SimpleFileUploadServer */,
				096C9AEA1C27CE8400F06B5B /* XDSWIFIFileTransferViewController.h */,
				096C9AEB1C27CE8400F06B5B /* XDSWIFIFileTransferViewController.m */,
				096C9B511C27E3C000F06B5B /* XDSIPHelper.h */,
				096C9B521C27E3C000F06B5B /* XDSIPHelper.m */,
				09AFAC131C28EF0000FD6D5A /* wifi.png */,
			);
			path = WiFiFileTransfer;
			sourceTree = "<group>";
		};
		096C9AED1C27D67600F06B5B /* Libs */ = {
			isa = PBXGroup;
			children = (
			);
			path = Libs;
			sourceTree = "<group>";
		};
		096C9B541C27E4B900F06B5B /* SimpleFileUploadServer */ = {
			isa = PBXGroup;
			children = (
				096C9B551C27E4B900F06B5B /* CocoaAsyncSocket */,
				096C9B591C27E4B900F06B5B /* CocoaLumberjack */,
				096C9B6B1C27E4B900F06B5B /* Core */,
				096C9B931C27E4B900F06B5B /* MyHTTPConnection.h */,
				096C9B941C27E4B900F06B5B /* MyHTTPConnection.m */,
				096C9B951C27E4B900F06B5B /* web */,
			);
			path = SimpleFileUploadServer;
			sourceTree = "<group>";
		};
		096C9B551C27E4B900F06B5B /* CocoaAsyncSocket */ = {
			isa = PBXGroup;
			children = (
				096C9B561C27E4B900F06B5B /* About.txt */,
				096C9B571C27E4B900F06B5B /* GCDAsyncSocket.h */,
				096C9B581C27E4B900F06B5B /* GCDAsyncSocket.m */,
			);
			path = CocoaAsyncSocket;
			sourceTree = "<group>";
		};
		096C9B591C27E4B900F06B5B /* CocoaLumberjack */ = {
			isa = PBXGroup;
			children = (
				096C9B5A1C27E4B900F06B5B /* About.txt */,
				096C9B5B1C27E4B900F06B5B /* DDAbstractDatabaseLogger.h */,
				096C9B5C1C27E4B900F06B5B /* DDAbstractDatabaseLogger.m */,
				096C9B5D1C27E4B900F06B5B /* DDASLLogger.h */,
				096C9B5E1C27E4B900F06B5B /* DDASLLogger.m */,
				096C9B5F1C27E4B900F06B5B /* DDFileLogger.h */,
				096C9B601C27E4B900F06B5B /* DDFileLogger.m */,
				096C9B611C27E4B900F06B5B /* DDLog.h */,
				096C9B621C27E4B900F06B5B /* DDLog.m */,
				096C9B631C27E4B900F06B5B /* DDTTYLogger.h */,
				096C9B641C27E4B900F06B5B /* DDTTYLogger.m */,
				096C9B651C27E4B900F06B5B /* Extensions */,
			);
			path = CocoaLumberjack;
			sourceTree = "<group>";
		};
		096C9B651C27E4B900F06B5B /* Extensions */ = {
			isa = PBXGroup;
			children = (
				096C9B661C27E4B900F06B5B /* ContextFilterLogFormatter.h */,
				096C9B671C27E4B900F06B5B /* ContextFilterLogFormatter.m */,
				096C9B681C27E4B900F06B5B /* DispatchQueueLogFormatter.h */,
				096C9B691C27E4B900F06B5B /* DispatchQueueLogFormatter.m */,
				096C9B6A1C27E4B900F06B5B /* README.txt */,
			);
			path = Extensions;
			sourceTree = "<group>";
		};
		096C9B6B1C27E4B900F06B5B /* Core */ = {
			isa = PBXGroup;
			children = (
				096C9B6C1C27E4B900F06B5B /* Categories */,
				096C9B731C27E4B900F06B5B /* HTTPAuthenticationRequest.h */,
				096C9B741C27E4B900F06B5B /* HTTPAuthenticationRequest.m */,
				096C9B751C27E4B900F06B5B /* HTTPConnection.h */,
				096C9B761C27E4B900F06B5B /* HTTPConnection.m */,
				096C9B771C27E4B900F06B5B /* HTTPLogging.h */,
				096C9B781C27E4B900F06B5B /* HTTPMessage.h */,
				096C9B791C27E4B900F06B5B /* HTTPMessage.m */,
				096C9B7A1C27E4B900F06B5B /* HTTPResponse.h */,
				096C9B7B1C27E4B900F06B5B /* HTTPServer.h */,
				096C9B7C1C27E4B900F06B5B /* HTTPServer.m */,
				096C9B7D1C27E4B900F06B5B /* Mime */,
				096C9B841C27E4B900F06B5B /* Responses */,
				096C9B911C27E4B900F06B5B /* WebSocket.h */,
				096C9B921C27E4B900F06B5B /* WebSocket.m */,
			);
			path = Core;
			sourceTree = "<group>";
		};
		096C9B6C1C27E4B900F06B5B /* Categories */ = {
			isa = PBXGroup;
			children = (
				096C9B6D1C27E4B900F06B5B /* DDData.h */,
				096C9B6E1C27E4B900F06B5B /* DDData.m */,
				096C9B6F1C27E4B900F06B5B /* DDNumber.h */,
				096C9B701C27E4B900F06B5B /* DDNumber.m */,
				096C9B711C27E4B900F06B5B /* DDRange.h */,
				096C9B721C27E4B900F06B5B /* DDRange.m */,
			);
			path = Categories;
			sourceTree = "<group>";
		};
		096C9B7D1C27E4B900F06B5B /* Mime */ = {
			isa = PBXGroup;
			children = (
				096C9B7E1C27E4B900F06B5B /* MultipartFormDataParser.h */,
				096C9B7F1C27E4B900F06B5B /* MultipartFormDataParser.m */,
				096C9B801C27E4B900F06B5B /* MultipartMessageHeader.h */,
				096C9B811C27E4B900F06B5B /* MultipartMessageHeader.m */,
				096C9B821C27E4B900F06B5B /* MultipartMessageHeaderField.h */,
				096C9B831C27E4B900F06B5B /* MultipartMessageHeaderField.m */,
			);
			path = Mime;
			sourceTree = "<group>";
		};
		096C9B841C27E4B900F06B5B /* Responses */ = {
			isa = PBXGroup;
			children = (
				096C9B851C27E4B900F06B5B /* HTTPAsyncFileResponse.h */,
				096C9B861C27E4B900F06B5B /* HTTPAsyncFileResponse.m */,
				096C9B871C27E4B900F06B5B /* HTTPDataResponse.h */,
				096C9B881C27E4B900F06B5B /* HTTPDataResponse.m */,
				096C9B891C27E4B900F06B5B /* HTTPDynamicFileResponse.h */,
				096C9B8A1C27E4B900F06B5B /* HTTPDynamicFileResponse.m */,
				096C9B8B1C27E4B900F06B5B /* HTTPErrorResponse.h */,
				096C9B8C1C27E4B900F06B5B /* HTTPErrorResponse.m */,
				096C9B8D1C27E4B900F06B5B /* HTTPFileResponse.h */,
				096C9B8E1C27E4B900F06B5B /* HTTPFileResponse.m */,
				096C9B8F1C27E4B900F06B5B /* HTTPRedirectResponse.h */,
				096C9B901C27E4B900F06B5B /* HTTPRedirectResponse.m */,
			);
			path = Responses;
			sourceTree = "<group>";
		};
		096C9B951C27E4B900F06B5B /* web */ = {
			isa = PBXGroup;
			children = (
				096C9B961C27E4B900F06B5B /* index.html */,
				096C9B971C27E4B900F06B5B /* upload.html */,
			);
			path = web;
			sourceTree = "<group>";
		};
		097DAC5E1C5F0FB100AF3F2E /* 开启storyboard实时渲染功能 */ = {
			isa = PBXGroup;
			children = (
				097DACCA1C5F519A00AF3F2E /* UIView_xdsRoundView.h */,
				097DACCB1C5F519A00AF3F2E /* UIView_xdsRoundView.m */,
				097DACCC1C5F519A00AF3F2E /* UIButton_xdsRoundButton.h */,
				097DACCD1C5F519A00AF3F2E /* UIButton_xdsRoundButton.m */,
				097DACCE1C5F519A00AF3F2E /* UIImageView_xdsImageView.h */,
				097DACCF1C5F519A00AF3F2E /* UIImageView_xdsImageView.m */,
			);
			path = "开启storyboard实时渲染功能";
			sourceTree = "<group>";
		};
		09CB43C81B7190D60069FF29 = {
			isa = PBXGroup;
			children = (
				09CB43D31B7190D60069FF29 /* XDSPractice */,
				09CB43ED1B7190D60069FF29 /* XDSPracticeTests */,
				09CB43D21B7190D60069FF29 /* Products */,
				2902BCBA47B656769447281A /* Pods */,
				32B98DDF4C1D81C89D593970 /* Frameworks */,
			);
			sourceTree = "<group>";
		};
		09CB43D21B7190D60069FF29 /* Products */ = {
			isa = PBXGroup;
			children = (
				09CB43D11B7190D60069FF29 /* XDSPractice.app */,
				09CB43EA1B7190D60069FF29 /* XDSPracticeTests.xctest */,
			);
			name = Products;
			sourceTree = "<group>";
		};
		09CB43D31B7190D60069FF29 /* XDSPractice */ = {
			isa = PBXGroup;
			children = (
				09177DFA1D13DD7C007E605F /* Main.storyboard */,
				09CB43D81B7190D60069FF29 /* AppDelegate.h */,
				09CB43D91B7190D60069FF29 /* AppDelegate.m */,
				09CB43DB1B7190D60069FF29 /* ViewController.h */,
				09CB43DC1B7190D60069FF29 /* ViewController.m */,
				09177DFD1D13E17B007E605F /* Resource */,
				09CB43FD1B7194010069FF29 /* CardScanner */,
				094D751C1C05A05200B510F3 /* SmtaranAD */,
				095865F61BFC123900FBAF7F /* PhotoBrowser */,
				096C9AE91C27CE5500F06B5B /* WiFiFileTransfer */,
				09FA27CB1BFD9D270073C77A /* UIViewControllerTransitioning */,
				09FA27D51BFDB2F00073C77A /* UINavigationControllerTransitioning */,
				09FA27DC1BFDC6B10073C77A /* UITabBarControllerTransitioning */,
				097DAC5E1C5F0FB100AF3F2E /* 开启storyboard实时渲染功能 */,
				092399CA1CFE7810002706B2 /* 热修复 */,
				09177DF61D13CDC6007E605F /* 文字识别TesseractOCR */,
				09CB43E11B7190D60069FF29 /* Images.xcassets */,
				09CB43E31B7190D60069FF29 /* LaunchScreen.xib */,
				09AC52001C0D80B3003FA23C /* CALayer+Addition.h */,
				09AC52011C0D80B3003FA23C /* CALayer+Addition.m */,
				09CB43D41B7190D60069FF29 /* Supporting Files */,
			);
			path = XDSPractice;
			sourceTree = "<group>";
		};
		09CB43D41B7190D60069FF29 /* Supporting Files */ = {
			isa = PBXGroup;
			children = (
				096C9AED1C27D67600F06B5B /* Libs */,
				09CB43D51B7190D60069FF29 /* Info.plist */,
				09CB43D61B7190D60069FF29 /* main.m */,
			);
			name = "Supporting Files";
			sourceTree = "<group>";
		};
		09CB43ED1B7190D60069FF29 /* XDSPracticeTests */ = {
			isa = PBXGroup;
			children = (
				09CB43F01B7190D60069FF29 /* XDSPracticeTests.m */,
				09CB43EE1B7190D60069FF29 /* Supporting Files */,
			);
			path = XDSPracticeTests;
			sourceTree = "<group>";
		};
		09CB43EE1B7190D60069FF29 /* Supporting Files */ = {
			isa = PBXGroup;
			children = (
				09CB43EF1B7190D60069FF29 /* Info.plist */,
			);
			name = "Supporting Files";
			sourceTree = "<group>";
		};
		09CB43FD1B7194010069FF29 /* CardScanner */ = {
			isa = PBXGroup;
			children = (
				09CB43FE1B7194010069FF29 /* CardScannerViewController.h */,
				09CB43FF1B7194010069FF29 /* CardScannerViewController.m */,
			);
			path = CardScanner;
			sourceTree = "<group>";
		};
		09FA27CB1BFD9D270073C77A /* UIViewControllerTransitioning */ = {
			isa = PBXGroup;
			children = (
				09FA27CC1BFD9E350073C77A /* UIViewControllerTransitioningRootViewController.h */,
				09FA27CD1BFD9E350073C77A /* UIViewControllerTransitioningRootViewController.m */,
				09FA27CF1BFD9E700073C77A /* XDSModelViewController.h */,
				09FA27D01BFD9E700073C77A /* XDSModelViewController.m */,
				09FA27D21BFDA0510073C77A /* ModalTransitionAnimation.h */,
				09FA27D31BFDA0510073C77A /* ModalTransitionAnimation.m */,
			);
			path = UIViewControllerTransitioning;
			sourceTree = "<group>";
		};
		09FA27D51BFDB2F00073C77A /* UINavigationControllerTransitioning */ = {
			isa = PBXGroup;
			children = (
				09FA27D61BFDB3270073C77A /* NavigationTransitionAnimation.h */,
				09FA27D71BFDB3270073C77A /* NavigationTransitionAnimation.m */,
				09FA27D91BFDB4990073C77A /* XDSTransitioningNavigationController.h */,
				09FA27DA1BFDB4990073C77A /* XDSTransitioningNavigationController.m */,
			);
			path = UINavigationControllerTransitioning;
			sourceTree = "<group>";
		};
		09FA27DC1BFDC6B10073C77A /* UITabBarControllerTransitioning */ = {
			isa = PBXGroup;
			children = (
				09FA27DD1BFDC9690073C77A /* TabbarTransitionAnimation.h */,
				09FA27DE1BFDC9690073C77A /* TabbarTransitionAnimation.m */,
				09FA27E01BFDCB540073C77A /* XDSTransitioningTabBarController.h */,
				09FA27E11BFDCB540073C77A /* XDSTransitioningTabBarController.m */,
			);
			name = UITabBarControllerTransitioning;
			path = UINavigationControllerTransitioning/UITabBarControllerTransitioning;
			sourceTree = "<group>";
		};
		2902BCBA47B656769447281A /* Pods */ = {
			isa = PBXGroup;
			children = (
				6BF2E5A86D0D6986ECD32811 /* Pods.debug.xcconfig */,
				A72F565C85F09CAB39B59B26 /* Pods.release.xcconfig */,
			);
			name = Pods;
			sourceTree = "<group>";
		};
		32B98DDF4C1D81C89D593970 /* Frameworks */ = {
			isa = PBXGroup;
			children = (
				092399D51CFED961002706B2 /* AVFoundation.framework */,
				09BDDB401CFD932000C210FB /* JSPatch.framework */,
				094D75331C05A2C900B510F3 /* JavaScriptCore.framework */,
				094D75311C05A2C400B510F3 /* SystemConfiguration.framework */,
				094D752F1C05A2BC00B510F3 /* StoreKit.framework */,
				094D752D1C05A2B100B510F3 /* AdSupport.framework */,
				094D752B1C05A2AA00B510F3 /* CoreTelephony.framework */,
				094D75291C05A2A500B510F3 /* CoreLocation.framework */,
				095865F31BFC103B00FBAF7F /* libsqlite3.tbd */,
				86CFE72790746F7A9ADB5FC0 /* libPods.a */,
				09BDDB421CFD934700C210FB /* libz.tbd */,
			);
			name = Frameworks;
			sourceTree = "<group>";
		};
/* End PBXGroup section */

/* Begin PBXNativeTarget section */
		09CB43D01B7190D60069FF29 /* XDSPractice */ = {
			isa = PBXNativeTarget;
			buildConfigurationList = 09CB43F41B7190D60069FF29 /* Build configuration list for PBXNativeTarget "XDSPractice" */;
			buildPhases = (
				5CBF44BC6190B39466DD6EF8 /* Check Pods Manifest.lock */,
				09CB43CD1B7190D60069FF29 /* Sources */,
				09CB43CE1B7190D60069FF29 /* Frameworks */,
				09CB43CF1B7190D60069FF29 /* Resources */,
				2949778DEE0712EAFEA89AD9 /* Embed Pods Frameworks */,
				C71EBBA6474A3B8207D91EF2 /* Copy Pods Resources */,
			);
			buildRules = (
			);
			dependencies = (
			);
			name = XDSPractice;
			productName = XDSPractice;
			productReference = 09CB43D11B7190D60069FF29 /* XDSPractice.app */;
			productType = "com.apple.product-type.application";
		};
		09CB43E91B7190D60069FF29 /* XDSPracticeTests */ = {
			isa = PBXNativeTarget;
			buildConfigurationList = 09CB43F71B7190D60069FF29 /* Build configuration list for PBXNativeTarget "XDSPracticeTests" */;
			buildPhases = (
				09CB43E61B7190D60069FF29 /* Sources */,
				09CB43E71B7190D60069FF29 /* Frameworks */,
				09CB43E81B7190D60069FF29 /* Resources */,
			);
			buildRules = (
			);
			dependencies = (
				09CB43EC1B7190D60069FF29 /* PBXTargetDependency */,
			);
			name = XDSPracticeTests;
			productName = XDSPracticeTests;
			productReference = 09CB43EA1B7190D60069FF29 /* XDSPracticeTests.xctest */;
			productType = "com.apple.product-type.bundle.unit-test";
		};
/* End PBXNativeTarget section */

/* Begin PBXProject section */
		09CB43C91B7190D60069FF29 /* Project object */ = {
			isa = PBXProject;
			attributes = {
				LastUpgradeCheck = 0710;
				ORGANIZATIONNAME = zhengda;
				TargetAttributes = {
					09CB43D01B7190D60069FF29 = {
						CreatedOnToolsVersion = 6.4;
					};
					09CB43E91B7190D60069FF29 = {
						CreatedOnToolsVersion = 6.4;
						TestTargetID = 09CB43D01B7190D60069FF29;
					};
				};
			};
			buildConfigurationList = 09CB43CC1B7190D60069FF29 /* Build configuration list for PBXProject "XDSPractice" */;
			compatibilityVersion = "Xcode 3.2";
			developmentRegion = English;
			hasScannedForEncodings = 0;
			knownRegions = (
				Base,
			);
			mainGroup = 09CB43C81B7190D60069FF29;
			productRefGroup = 09CB43D21B7190D60069FF29 /* Products */;
			projectDirPath = "";
			projectRoot = "";
			targets = (
				09CB43D01B7190D60069FF29 /* XDSPractice */,
				09CB43E91B7190D60069FF29 /* XDSPracticeTests */,
			);
		};
/* End PBXProject section */

/* Begin PBXResourcesBuildPhase section */
		09CB43CF1B7190D60069FF29 /* Resources */ = {
			isa = PBXResourcesBuildPhase;
			buildActionMask = 2147483647;
			files = (
				096C9B981C27E4B900F06B5B /* About.txt in Resources */,
				096C9BA21C27E4B900F06B5B /* README.txt in Resources */,
				09AFAC141C28EF0000FD6D5A /* wifi.png in Resources */,
				096C9BB61C27E4B900F06B5B /* upload.html in Resources */,
				096C9B9A1C27E4B900F06B5B /* About.txt in Resources */,
				09CB43E51B7190D60069FF29 /* LaunchScreen.xib in Resources */,
				09177DFC1D13DD7C007E605F /* Main.storyboard in Resources */,
				09177E501D13EBF5007E605F /* tessdata in Resources */,
				09CB43E21B7190D60069FF29 /* Images.xcassets in Resources */,
				096C9BB51C27E4B900F06B5B /* index.html in Resources */,
			);
			runOnlyForDeploymentPostprocessing = 0;
		};
		09CB43E81B7190D60069FF29 /* Resources */ = {
			isa = PBXResourcesBuildPhase;
			buildActionMask = 2147483647;
			files = (
			);
			runOnlyForDeploymentPostprocessing = 0;
		};
/* End PBXResourcesBuildPhase section */

/* Begin PBXShellScriptBuildPhase section */
		2949778DEE0712EAFEA89AD9 /* Embed Pods Frameworks */ = {
			isa = PBXShellScriptBuildPhase;
			buildActionMask = 2147483647;
			files = (
			);
			inputPaths = (
			);
			name = "Embed Pods Frameworks";
			outputPaths = (
			);
			runOnlyForDeploymentPostprocessing = 0;
			shellPath = /bin/sh;
			shellScript = "\"${SRCROOT}/Pods/Target Support Files/Pods/Pods-frameworks.sh\"\n";
			showEnvVarsInLog = 0;
		};
		5CBF44BC6190B39466DD6EF8 /* Check Pods Manifest.lock */ = {
			isa = PBXShellScriptBuildPhase;
			buildActionMask = 2147483647;
			files = (
			);
			inputPaths = (
			);
			name = "Check Pods Manifest.lock";
			outputPaths = (
			);
			runOnlyForDeploymentPostprocessing = 0;
			shellPath = /bin/sh;
			shellScript = "diff \"${PODS_ROOT}/../Podfile.lock\" \"${PODS_ROOT}/Manifest.lock\" > /dev/null\nif [[ $? != 0 ]] ; then\n    cat << EOM\nerror: The sandbox is not in sync with the Podfile.lock. Run 'pod install' or update your CocoaPods installation.\nEOM\n    exit 1\nfi\n";
			showEnvVarsInLog = 0;
		};
		C71EBBA6474A3B8207D91EF2 /* Copy Pods Resources */ = {
			isa = PBXShellScriptBuildPhase;
			buildActionMask = 2147483647;
			files = (
			);
			inputPaths = (
			);
			name = "Copy Pods Resources";
			outputPaths = (
			);
			runOnlyForDeploymentPostprocessing = 0;
			shellPath = /bin/sh;
			shellScript = "\"${SRCROOT}/Pods/Target Support Files/Pods/Pods-resources.sh\"\n";
			showEnvVarsInLog = 0;
		};
/* End PBXShellScriptBuildPhase section */

/* Begin PBXSourcesBuildPhase section */
		09CB43CD1B7190D60069FF29 /* Sources */ = {
			isa = PBXSourcesBuildPhase;
			buildActionMask = 2147483647;
			files = (
				096C9BAC1C27E4B900F06B5B /* MultipartMessageHeaderField.m in Sources */,
				096C9BB41C27E4B900F06B5B /* MyHTTPConnection.m in Sources */,
				094D75281C05A14800B510F3 /* SmtaranSplashAd.m in Sources */,
				096C9B9D1C27E4B900F06B5B /* DDFileLogger.m in Sources */,
				096C9BA41C27E4B900F06B5B /* DDNumber.m in Sources */,
				09FA27D81BFDB3270073C77A /* NavigationTransitionAnimation.m in Sources */,
				096C9B9C1C27E4B900F06B5B /* DDASLLogger.m in Sources */,
				096C9BB31C27E4B900F06B5B /* WebSocket.m in Sources */,
				096C9BAA1C27E4B900F06B5B /* MultipartFormDataParser.m in Sources */,
				096C9B991C27E4B900F06B5B /* GCDAsyncSocket.m in Sources */,
				096C9BA71C27E4B900F06B5B /* HTTPConnection.m in Sources */,
				09FA27E21BFDCB540073C77A /* XDSTransitioningTabBarController.m in Sources */,
				096C9B9F1C27E4B900F06B5B /* DDTTYLogger.m in Sources */,
				096C9BAF1C27E4B900F06B5B /* HTTPDynamicFileResponse.m in Sources */,
				096C9BAD1C27E4B900F06B5B /* HTTPAsyncFileResponse.m in Sources */,
				096C9BB01C27E4B900F06B5B /* HTTPErrorResponse.m in Sources */,
				09CB43DD1B7190D60069FF29 /* ViewController.m in Sources */,
				096C9BB21C27E4B900F06B5B /* HTTPRedirectResponse.m in Sources */,
				095865FC1BFC128100FBAF7F /* XDSPhotoBrowserViewController.m in Sources */,
				092399CD1CFE7A15002706B2 /* XDSHotfixViewController.m in Sources */,
				096C9BA11C27E4B900F06B5B /* DispatchQueueLogFormatter.m in Sources */,
				096C9BA31C27E4B900F06B5B /* DDData.m in Sources */,
				096C9BA51C27E4B900F06B5B /* DDRange.m in Sources */,
				09FA27DF1BFDC9690073C77A /* TabbarTransitionAnimation.m in Sources */,
				096C9BB11C27E4B900F06B5B /* HTTPFileResponse.m in Sources */,
				096C9BA61C27E4B900F06B5B /* HTTPAuthenticationRequest.m in Sources */,
				094D75371C05A39F00B510F3 /* SmtaranADViewController.m in Sources */,
				09FA27D11BFD9E700073C77A /* XDSModelViewController.m in Sources */,
				096C9B9B1C27E4B900F06B5B /* DDAbstractDatabaseLogger.m in Sources */,
				096C9AEC1C27CE8400F06B5B /* XDSWIFIFileTransferViewController.m in Sources */,
				096C9BA91C27E4B900F06B5B /* HTTPServer.m in Sources */,
				097DACD21C5F519A00AF3F2E /* UIImageView_xdsImageView.m in Sources */,
				096C9BAB1C27E4B900F06B5B /* MultipartMessageHeader.m in Sources */,
				097DACD11C5F519A00AF3F2E /* UIButton_xdsRoundButton.m in Sources */,
				09CB44001B7194010069FF29 /* CardScannerViewController.m in Sources */,
				09FA27DB1BFDB4990073C77A /* XDSTransitioningNavigationController.m in Sources */,
				09AC52021C0D80B3003FA23C /* CALayer+Addition.m in Sources */,
				096C9BAE1C27E4B900F06B5B /* HTTPDataResponse.m in Sources */,
				096C9B9E1C27E4B900F06B5B /* DDLog.m in Sources */,
				096C9BA01C27E4B900F06B5B /* ContextFilterLogFormatter.m in Sources */,
				096C9BA81C27E4B900F06B5B /* HTTPMessage.m in Sources */,
				09FA27CE1BFD9E350073C77A /* UIViewControllerTransitioningRootViewController.m in Sources */,
				09FA27D41BFDA0510073C77A /* ModalTransitionAnimation.m in Sources */,
				096C9B531C27E3C000F06B5B /* XDSIPHelper.m in Sources */,
				09CB43DA1B7190D60069FF29 /* AppDelegate.m in Sources */,
				097DACD01C5F519A00AF3F2E /* UIView_xdsRoundView.m in Sources */,
				09CB43D71B7190D60069FF29 /* main.m in Sources */,
				092399D41CFED52C002706B2 /* XDSWebViewBridgeController.m in Sources */,
				09177DF91D13D959007E605F /* XDSCameraViewController.m in Sources */,
			);
			runOnlyForDeploymentPostprocessing = 0;
		};
		09CB43E61B7190D60069FF29 /* Sources */ = {
			isa = PBXSourcesBuildPhase;
			buildActionMask = 2147483647;
			files = (
				09CB43F11B7190D60069FF29 /* XDSPracticeTests.m in Sources */,
			);
			runOnlyForDeploymentPostprocessing = 0;
		};
/* End PBXSourcesBuildPhase section */

/* Begin PBXTargetDependency section */
		09CB43EC1B7190D60069FF29 /* PBXTargetDependency */ = {
			isa = PBXTargetDependency;
			target = 09CB43D01B7190D60069FF29 /* XDSPractice */;
			targetProxy = 09CB43EB1B7190D60069FF29 /* PBXContainerItemProxy */;
		};
/* End PBXTargetDependency section */

/* Begin PBXVariantGroup section */
		09177DFA1D13DD7C007E605F /* Main.storyboard */ = {
			isa = PBXVariantGroup;
			children = (
				09177DFB1D13DD7C007E605F /* Base */,
			);
			name = Main.storyboard;
			sourceTree = "<group>";
		};
		09CB43E31B7190D60069FF29 /* LaunchScreen.xib */ = {
			isa = PBXVariantGroup;
			children = (
				09CB43E41B7190D60069FF29 /* Base */,
			);
			name = LaunchScreen.xib;
			sourceTree = "<group>";
		};
/* End PBXVariantGroup section */

/* Begin XCBuildConfiguration section */
		09CB43F21B7190D60069FF29 /* Debug */ = {
			isa = XCBuildConfiguration;
			buildSettings = {
				ALWAYS_SEARCH_USER_PATHS = NO;
				CLANG_CXX_LANGUAGE_STANDARD = "gnu++0x";
				CLANG_CXX_LIBRARY = "libc++";
				CLANG_ENABLE_MODULES = YES;
				CLANG_ENABLE_OBJC_ARC = YES;
				CLANG_WARN_BOOL_CONVERSION = YES;
				CLANG_WARN_CONSTANT_CONVERSION = YES;
				CLANG_WARN_DIRECT_OBJC_ISA_USAGE = YES_ERROR;
				CLANG_WARN_EMPTY_BODY = YES;
				CLANG_WARN_ENUM_CONVERSION = YES;
				CLANG_WARN_INT_CONVERSION = YES;
				CLANG_WARN_OBJC_ROOT_CLASS = YES_ERROR;
				CLANG_WARN_UNREACHABLE_CODE = YES;
				CLANG_WARN__DUPLICATE_METHOD_MATCH = YES;
				"CODE_SIGN_IDENTITY[sdk=iphoneos*]" = "iPhone Developer";
				COPY_PHASE_STRIP = NO;
				DEBUG_INFORMATION_FORMAT = "dwarf-with-dsym";
				ENABLE_STRICT_OBJC_MSGSEND = YES;
				ENABLE_TESTABILITY = YES;
				GCC_C_LANGUAGE_STANDARD = gnu99;
				GCC_DYNAMIC_NO_PIC = NO;
				GCC_NO_COMMON_BLOCKS = YES;
				GCC_OPTIMIZATION_LEVEL = 0;
				GCC_PREPROCESSOR_DEFINITIONS = (
					"DEBUG=1",
					"$(inherited)",
				);
				GCC_SYMBOLS_PRIVATE_EXTERN = NO;
				GCC_WARN_64_TO_32_BIT_CONVERSION = YES;
				GCC_WARN_ABOUT_RETURN_TYPE = YES_ERROR;
				GCC_WARN_UNDECLARED_SELECTOR = YES;
				GCC_WARN_UNINITIALIZED_AUTOS = YES_AGGRESSIVE;
				GCC_WARN_UNUSED_FUNCTION = YES;
				GCC_WARN_UNUSED_VARIABLE = YES;
				IPHONEOS_DEPLOYMENT_TARGET = 8.4;
				MTL_ENABLE_DEBUG_INFO = YES;
				ONLY_ACTIVE_ARCH = YES;
				SDKROOT = iphoneos;
			};
			name = Debug;
		};
		09CB43F31B7190D60069FF29 /* Release */ = {
			isa = XCBuildConfiguration;
			buildSettings = {
				ALWAYS_SEARCH_USER_PATHS = NO;
				CLANG_CXX_LANGUAGE_STANDARD = "gnu++0x";
				CLANG_CXX_LIBRARY = "libc++";
				CLANG_ENABLE_MODULES = YES;
				CLANG_ENABLE_OBJC_ARC = YES;
				CLANG_WARN_BOOL_CONVERSION = YES;
				CLANG_WARN_CONSTANT_CONVERSION = YES;
				CLANG_WARN_DIRECT_OBJC_ISA_USAGE = YES_ERROR;
				CLANG_WARN_EMPTY_BODY = YES;
				CLANG_WARN_ENUM_CONVERSION = YES;
				CLANG_WARN_INT_CONVERSION = YES;
				CLANG_WARN_OBJC_ROOT_CLASS = YES_ERROR;
				CLANG_WARN_UNREACHABLE_CODE = YES;
				CLANG_WARN__DUPLICATE_METHOD_MATCH = YES;
				"CODE_SIGN_IDENTITY[sdk=iphoneos*]" = "iPhone Developer";
				COPY_PHASE_STRIP = NO;
				DEBUG_INFORMATION_FORMAT = "dwarf-with-dsym";
				ENABLE_NS_ASSERTIONS = NO;
				ENABLE_STRICT_OBJC_MSGSEND = YES;
				GCC_C_LANGUAGE_STANDARD = gnu99;
				GCC_NO_COMMON_BLOCKS = YES;
				GCC_WARN_64_TO_32_BIT_CONVERSION = YES;
				GCC_WARN_ABOUT_RETURN_TYPE = YES_ERROR;
				GCC_WARN_UNDECLARED_SELECTOR = YES;
				GCC_WARN_UNINITIALIZED_AUTOS = YES_AGGRESSIVE;
				GCC_WARN_UNUSED_FUNCTION = YES;
				GCC_WARN_UNUSED_VARIABLE = YES;
				IPHONEOS_DEPLOYMENT_TARGET = 8.4;
				MTL_ENABLE_DEBUG_INFO = NO;
				SDKROOT = iphoneos;
				VALIDATE_PRODUCT = YES;
			};
			name = Release;
		};
		09CB43F51B7190D60069FF29 /* Debug */ = {
			isa = XCBuildConfiguration;
			baseConfigurationReference = 6BF2E5A86D0D6986ECD32811 /* Pods.debug.xcconfig */;
			buildSettings = {
				ASSETCATALOG_COMPILER_APPICON_NAME = AppIcon;
				CODE_SIGN_IDENTITY = "iPhone Developer: mu he (FX98SJ5KRZ)";
				ENABLE_BITCODE = NO;
				FRAMEWORK_SEARCH_PATHS = (
					"$(inherited)",
					"$(PROJECT_DIR)",
				);
				HEADER_SEARCH_PATHS = "$(inherited)";
				INFOPLIST_FILE = XDSPractice/Info.plist;
				IPHONEOS_DEPLOYMENT_TARGET = 8.0;
				LD_RUNPATH_SEARCH_PATHS = "$(inherited) @executable_path/Frameworks";
				LIBRARY_SEARCH_PATHS = (
					"$(inherited)",
					"$(PROJECT_DIR)/XDSPractice/SmtaranAD/SmtaranSDK",
				);
				OTHER_LDFLAGS = "$(inherited)";
				PRODUCT_BUNDLE_IDENTIFIER = "com.onlinecredit.$(PRODUCT_NAME:rfc1034identifier)";
				PRODUCT_NAME = "$(TARGET_NAME)";
				PROVISIONING_PROFILE = "c2914f72-566b-4d2c-b33a-88456922b497";
			};
			name = Debug;
		};
		09CB43F61B7190D60069FF29 /* Release */ = {
			isa = XCBuildConfiguration;
			baseConfigurationReference = A72F565C85F09CAB39B59B26 /* Pods.release.xcconfig */;
			buildSettings = {
				ASSETCATALOG_COMPILER_APPICON_NAME = AppIcon;
				CODE_SIGN_IDENTITY = "iPhone Developer: mu he (FX98SJ5KRZ)";
				ENABLE_BITCODE = NO;
				FRAMEWORK_SEARCH_PATHS = (
					"$(inherited)",
					"$(PROJECT_DIR)",
				);
				HEADER_SEARCH_PATHS = "$(inherited)";
				INFOPLIST_FILE = XDSPractice/Info.plist;
				IPHONEOS_DEPLOYMENT_TARGET = 8.0;
				LD_RUNPATH_SEARCH_PATHS = "$(inherited) @executable_path/Frameworks";
				LIBRARY_SEARCH_PATHS = (
					"$(inherited)",
					"$(PROJECT_DIR)/XDSPractice/SmtaranAD/SmtaranSDK",
				);
				OTHER_LDFLAGS = "$(inherited)";
				PRODUCT_BUNDLE_IDENTIFIER = "com.onlinecredit.$(PRODUCT_NAME:rfc1034identifier)";
				PRODUCT_NAME = "$(TARGET_NAME)";
				PROVISIONING_PROFILE = "c2914f72-566b-4d2c-b33a-88456922b497";
			};
			name = Release;
		};
		09CB43F81B7190D60069FF29 /* Debug */ = {
			isa = XCBuildConfiguration;
			buildSettings = {
				BUNDLE_LOADER = "$(TEST_HOST)";
				FRAMEWORK_SEARCH_PATHS = (
					"$(SDKROOT)/Developer/Library/Frameworks",
					"$(inherited)",
				);
				GCC_PREPROCESSOR_DEFINITIONS = (
					"DEBUG=1",
					"$(inherited)",
				);
				INFOPLIST_FILE = XDSPracticeTests/Info.plist;
				LD_RUNPATH_SEARCH_PATHS = "$(inherited) @executable_path/Frameworks @loader_path/Frameworks";
				PRODUCT_BUNDLE_IDENTIFIER = "com.onlinecredit.$(PRODUCT_NAME:rfc1034identifier)";
				PRODUCT_NAME = "$(TARGET_NAME)";
				TEST_HOST = "$(BUILT_PRODUCTS_DIR)/XDSPractice.app/XDSPractice";
			};
			name = Debug;
		};
		09CB43F91B7190D60069FF29 /* Release */ = {
			isa = XCBuildConfiguration;
			buildSettings = {
				BUNDLE_LOADER = "$(TEST_HOST)";
				FRAMEWORK_SEARCH_PATHS = (
					"$(SDKROOT)/Developer/Library/Frameworks",
					"$(inherited)",
				);
				INFOPLIST_FILE = XDSPracticeTests/Info.plist;
				LD_RUNPATH_SEARCH_PATHS = "$(inherited) @executable_path/Frameworks @loader_path/Frameworks";
				PRODUCT_BUNDLE_IDENTIFIER = "com.onlinecredit.$(PRODUCT_NAME:rfc1034identifier)";
				PRODUCT_NAME = "$(TARGET_NAME)";
				TEST_HOST = "$(BUILT_PRODUCTS_DIR)/XDSPractice.app/XDSPractice";
			};
			name = Release;
		};
/* End XCBuildConfiguration section */

/* Begin XCConfigurationList section */
		09CB43CC1B7190D60069FF29 /* Build configuration list for PBXProject "XDSPractice" */ = {
			isa = XCConfigurationList;
			buildConfigurations = (
				09CB43F21B7190D60069FF29 /* Debug */,
				09CB43F31B7190D60069FF29 /* Release */,
			);
			defaultConfigurationIsVisible = 0;
			defaultConfigurationName = Release;
		};
		09CB43F41B7190D60069FF29 /* Build configuration list for PBXNativeTarget "XDSPractice" */ = {
			isa = XCConfigurationList;
			buildConfigurations = (
				09CB43F51B7190D60069FF29 /* Debug */,
				09CB43F61B7190D60069FF29 /* Release */,
			);
			defaultConfigurationIsVisible = 0;
			defaultConfigurationName = Release;
		};
		09CB43F71B7190D60069FF29 /* Build configuration list for PBXNativeTarget "XDSPracticeTests" */ = {
			isa = XCConfigurationList;
			buildConfigurations = (
				09CB43F81B7190D60069FF29 /* Debug */,
				09CB43F91B7190D60069FF29 /* Release */,
			);
			defaultConfigurationIsVisible = 0;
			defaultConfigurationName = Release;
		};
/* End XCConfigurationList section */
	};
	rootObject = 09CB43C91B7190D60069FF29 /* Project object */;
}
